<?xml version="1.0" encoding="utf-8"?>
<Project ToolsVersion="4.0" xmlns="http://schemas.microsoft.com/developer/msbuild/2003">
  <ItemGroup>
    <Filter Include="Modules">
      <UniqueIdentifier>{a0e34697-4a55-4b87-ba42-993f303feb9b}</UniqueIdentifier>
    </Filter>
  </ItemGroup>
  <ItemGroup>
    <ClInclude Include="framework.h" />
    <ClInclude Include="pch.h" />
  </ItemGroup>
  <ItemGroup>
    <ClCompile Include="CPP_20_Module.cpp" />
    <ClCompile Include="pch.cpp" />
    <ClCompile Include="Module_1_HowToExport.ixx">
      <Filter>Modules</Filter>
    </ClCompile>
  </ItemGroup>
</Project>