<?xml version="1.0" encoding="utf-8"?>
<Project ToolsVersion="4.0" xmlns="http://schemas.microsoft.com/developer/msbuild/2003">
  <ItemGroup>
    <Filter Include="Concept">
      <UniqueIdentifier>{5985d57f-5c69-4fd3-a301-9cb0a9840999}</UniqueIdentifier>
    </Filter>
    <Filter Include="Coroutine">
      <UniqueIdentifier>{1dc0343c-9773-4723-a1b8-fbb4ac14ce95}</UniqueIdentifier>
    </Filter>
    <Filter Include="Module">
      <UniqueIdentifier>{0e5668a9-c03d-42cc-9465-7d8638481b6a}</UniqueIdentifier>
    </Filter>
    <Filter Include="Ranges">
      <UniqueIdentifier>{a83436d0-efcf-49d4-92df-c9c261e3fa4c}</UniqueIdentifier>
    </Filter>
    <Filter Include="TestExecute">
      <UniqueIdentifier>{963c2dc4-d52d-4cc9-b6de-fc3dc7d836e2}</UniqueIdentifier>
    </Filter>
  </ItemGroup>
  <ItemGroup>
    <ClCompile Include="Concept\Concept_1_HowToUse.cpp">
      <Filter>Concept</Filter>
    </ClCompile>
    <ClCompile Include="Concept\Concept_2_Example.cpp">
      <Filter>Concept</Filter>
    </ClCompile>
    <ClCompile Include="Concept\Concept_3_CustomConcept.cpp">
      <Filter>Concept</Filter>
    </ClCompile>
    <ClCompile Include="TestExecute\TestExecuteFactory.cpp">
      <Filter>TestExecute</Filter>
    </ClCompile>
    <ClCompile Include="CPP_20.cpp" />
    <ClCompile Include="Module\Module_1_HowToExport.ixx">
      <Filter>Module</Filter>
    </ClCompile>
    <ClCompile Include="Module\Module_2_Partition.ixx">
      <Filter>Module</Filter>
    </ClCompile>
    <ClCompile Include="Module\Module_2_Partition_Part1.ixx">
      <Filter>Module</Filter>
    </ClCompile>
    <ClCompile Include="Module\Module_2_Partition_Part2.ixx">
      <Filter>Module</Filter>
    </ClCompile>
    <ClCompile Include="Module\Module_3_SubModule.ixx">
      <Filter>Module</Filter>
    </ClCompile>
    <ClCompile Include="Module\Module_3_SubModule_Sub1.ixx">
      <Filter>Module</Filter>
    </ClCompile>
    <ClCompile Include="Module\Module_3_SubModule_Sub2.ixx">
      <Filter>Module</Filter>
    </ClCompile>
    <ClCompile Include="Module\Module_4_SubModuleImpl.ixx">
      <Filter>Module</Filter>
    </ClCompile>
    <ClCompile Include="Module\Module_4_SubModuleImpl.cpp">
      <Filter>Module</Filter>
    </ClCompile>
    <ClCompile Include="Ranges\Ranges_1_HowToUse.cpp">
      <Filter>Ranges</Filter>
    </ClCompile>
    <ClCompile Include="Coroutine\Coroutine_1_HowToUse.cpp">
      <Filter>Coroutine</Filter>
    </ClCompile>
  </ItemGroup>
  <ItemGroup>
    <ClInclude Include="Concept\Concept_1_HowToUse.h">
      <Filter>Concept</Filter>
    </ClInclude>
    <ClInclude Include="Concept\Concept_2_Example.h">
      <Filter>Concept</Filter>
    </ClInclude>
    <ClInclude Include="Concept\Concept_3_CustomConcept.h">
      <Filter>Concept</Filter>
    </ClInclude>
    <ClInclude Include="TestExecute\ITestExecute.h">
      <Filter>TestExecute</Filter>
    </ClInclude>
    <ClInclude Include="TestExecute\TestExecuteFactory.h">
      <Filter>TestExecute</Filter>
    </ClInclude>
    <ClInclude Include="TestExecute\TestType.h">
      <Filter>TestExecute</Filter>
    </ClInclude>
    <ClInclude Include="Ranges\Ranges_1_HowToUse.h">
      <Filter>Ranges</Filter>
    </ClInclude>
    <ClInclude Include="Coroutine\Coroutine_1_HowToUse.h">
      <Filter>Coroutine</Filter>
    </ClInclude>
  </ItemGroup>
</Project>